lockfileVersion: '6.1'

settings:
  autoInstallPeers: true
  excludeLinksFromLockfile: false

dependencies:
  obsidian:
    specifier: latest
    version: 1.4.4(@codemirror/state@6.2.1)(@codemirror/view@6.17.0)

packages:

  /@codemirror/state@6.2.1:
    resolution: {integrity: sha512-RupHSZ8+OjNT38zU9fKH2sv+Dnlr8Eb8sl4NOnnqz95mCFTZUaiRP8Xv5MeeaG0px2b8Bnfe7YGwCV3nsBhbuw==}
    dev: false

  /@codemirror/view@6.17.0:
    resolution: {integrity: sha512-0yVhPSyKWwYDy6Xwd7aDoj8ZXtdoHwC7El4z1/JJpIimrtDR5CVGY4lvQ0r2hP11ezB+eCHexZ6Zbz6rPUe06A==}
    dependencies:
      '@codemirror/state': 6.2.1
      style-mod: 4.1.0
      w3c-keyname: 2.2.8
    dev: false

  /@types/codemirror@5.60.8:
    resolution: {integrity: sha512-VjFgDF/eB+Aklcy15TtOTLQeMjTo07k7KAjql8OK5Dirr7a6sJY4T1uVBDuTVG9VEmn1uUsohOpYnVfgC6/jyw==}
    dependencies:
      '@types/tern': 0.23.4
    dev: false

  /@types/estree@1.0.1:
    resolution: {integrity: sha512-LG4opVs2ANWZ1TJoKc937iMmNstM/d0ae1vNbnBvBhqCSezgVUOzcLCqbI5elV8Vy6WKwKjaqR+zO9VKirBBCA==}
    dev: false

  /@types/tern@0.23.4:
    resolution: {integrity: sha512-JAUw1iXGO1qaWwEOzxTKJZ/5JxVeON9kvGZ/osgZaJImBnyjyn0cjovPsf6FNLmyGY8Vw9DoXZCMlfMkMwHRWg==}
    dependencies:
      '@types/estree': 1.0.1
    dev: false

  /moment@2.29.4:
    resolution: {integrity: sha512-5LC9SOxjSc2HF6vO2CyuTDNivEdoz2IvyJJGj6X8DJ0eFyfszE0QiEd+iXmBvUP3WHxSjFH/vIsA0EN00cgr8w==}
    dev: false

  /obsidian@1.4.4(@codemirror/state@6.2.1)(@codemirror/view@6.17.0):
    resolution: {integrity: sha512-q2V5GNT/M40uYOENdVw5kovPSoaO6vppiiyBCkIqWgKp4oN654jA/GQ0OaNBA7p5NdfS245QCeRgCFQ42wOZiw==}
    peerDependencies:
      '@codemirror/state': ^6.0.0
      '@codemirror/view': ^6.0.0
    dependencies:
      '@codemirror/state': 6.2.1
      '@codemirror/view': 6.17.0
      '@types/codemirror': 5.60.8
      moment: 2.29.4
    dev: false

  /style-mod@4.1.0:
    resolution: {integrity: sha512-Ca5ib8HrFn+f+0n4N4ScTIA9iTOQ7MaGS1ylHcoVqW9J7w2w8PzN6g9gKmTYgGEBH8e120+RCmhpje6jC5uGWA==}
    dev: false

  /w3c-keyname@2.2.8:
    resolution: {integrity: sha512-dpojBhNsCNN7T82Tm7k26A6G9ML3NkhDsnw9n/eoxSRlVBB4CEtIQ/KTCLI2Fwf3ataSXRhYFkQi3SlnFwPvPQ==}
    dev: false
